{
  "name": "word-antakshari",
  "version": "1.0.0",
  "lockfileVersion": 3,
  "requires": true,
  "packages": {
    "": {
      "name": "word-antakshari",
      "version": "1.0.0",
      "license": "ISC",
      "dependencies": {
        "word-antakshari": "file:"
      }
    },
    "node_modules/word-antakshari": {
      "resolved": "",
      "link": true
    }
  }
}
